// !$*UTF8*$!
{
	archiveVersion = 1;
	classes = {
	};
	objectVersion = 56;
	objects = {

/* Begin PBXBuildFile section */
		BF0815CD2B2716C000C72330 /* AirbnbCloneApp.swift in Sources */ = {isa = PBXBuildFile; fileRef = BF0815CC2B2716C000C72330 /* AirbnbCloneApp.swift */; };
		BF0815CF2B2716C000C72330 /* ContentView.swift in Sources */ = {isa = PBXBuildFile; fileRef = BF0815CE2B2716C000C72330 /* ContentView.swift */; };
		BF0815D12B2716C100C72330 /* Assets.xcassets in Resources */ = {isa = PBXBuildFile; fileRef = BF0815D02B2716C100C72330 /* Assets.xcassets */; };
		BF0815D42B2716C100C72330 /* Preview Assets.xcassets in Resources */ = {isa = PBXBuildFile; fileRef = BF0815D32B2716C100C72330 /* Preview Assets.xcassets */; };
		BF0815ED2B2718EC00C72330 /* ExploreView.swift in Sources */ = {isa = PBXBuildFile; fileRef = BF0815EC2B2718EC00C72330 /* ExploreView.swift */; };
		BF0815F12B271A6200C72330 /* ListingItemView.swift in Sources */ = {isa = PBXBuildFile; fileRef = BF0815F02B271A6200C72330 /* ListingItemView.swift */; };
		BF136FBC2B2991F000C5F440 /* DestinationSearchView.swift in Sources */ = {isa = PBXBuildFile; fileRef = BF136FBB2B2991F000C5F440 /* DestinationSearchView.swift */; };
		BF2DCECD2B2ACDA600D82B68 /* ProfileView.swift in Sources */ = {isa = PBXBuildFile; fileRef = BF2DCECC2B2ACDA600D82B68 /* ProfileView.swift */; };
		BF2DCECF2B2AD16100D82B68 /* ProfileOptionRawView.swift in Sources */ = {isa = PBXBuildFile; fileRef = BF2DCECE2B2AD16100D82B68 /* ProfileOptionRawView.swift */; };
		BF2DCED12B2AE75F00D82B68 /* WhishlistView.swift in Sources */ = {isa = PBXBuildFile; fileRef = BF2DCED02B2AE75F00D82B68 /* WhishlistView.swift */; };
		BF438B462B282219007F55ED /* SearchAndFilterView.swift in Sources */ = {isa = PBXBuildFile; fileRef = BF438B452B282219007F55ED /* SearchAndFilterView.swift */; };
		BF438B482B283243007F55ED /* ListingDetailsView.swift in Sources */ = {isa = PBXBuildFile; fileRef = BF438B472B283243007F55ED /* ListingDetailsView.swift */; };
		BF438B4B2B2832C7007F55ED /* ListingImageCarouselView.swift in Sources */ = {isa = PBXBuildFile; fileRef = BF438B4A2B2832C7007F55ED /* ListingImageCarouselView.swift */; };
/* End PBXBuildFile section */

/* Begin PBXFileReference section */
		BF0815C92B2716C000C72330 /* AirbnbClone.app */ = {isa = PBXFileReference; explicitFileType = wrapper.application; includeInIndex = 0; path = AirbnbClone.app; sourceTree = BUILT_PRODUCTS_DIR; };
		BF0815CC2B2716C000C72330 /* AirbnbCloneApp.swift */ = {isa = PBXFileReference; lastKnownFileType = sourcecode.swift; path = AirbnbCloneApp.swift; sourceTree = "<group>"; };
		BF0815CE2B2716C000C72330 /* ContentView.swift */ = {isa = PBXFileReference; lastKnownFileType = sourcecode.swift; path = ContentView.swift; sourceTree = "<group>"; };
		BF0815D02B2716C100C72330 /* Assets.xcassets */ = {isa = PBXFileReference; lastKnownFileType = folder.assetcatalog; path = Assets.xcassets; sourceTree = "<group>"; };
		BF0815D32B2716C100C72330 /* Preview Assets.xcassets */ = {isa = PBXFileReference; lastKnownFileType = folder.assetcatalog; path = "Preview Assets.xcassets"; sourceTree = "<group>"; };
		BF0815EC2B2718EC00C72330 /* ExploreView.swift */ = {isa = PBXFileReference; lastKnownFileType = sourcecode.swift; path = ExploreView.swift; sourceTree = "<group>"; };
		BF0815F02B271A6200C72330 /* ListingItemView.swift */ = {isa = PBXFileReference; lastKnownFileType = sourcecode.swift; path = ListingItemView.swift; sourceTree = "<group>"; };
		BF136FBB2B2991F000C5F440 /* DestinationSearchView.swift */ = {isa = PBXFileReference; lastKnownFileType = sourcecode.swift; path = DestinationSearchView.swift; sourceTree = "<group>"; };
		BF2DCECC2B2ACDA600D82B68 /* ProfileView.swift */ = {isa = PBXFileReference; lastKnownFileType = sourcecode.swift; path = ProfileView.swift; sourceTree = "<group>"; };
		BF2DCECE2B2AD16100D82B68 /* ProfileOptionRawView.swift */ = {isa = PBXFileReference; lastKnownFileType = sourcecode.swift; path = ProfileOptionRawView.swift; sourceTree = "<group>"; };
		BF2DCED02B2AE75F00D82B68 /* WhishlistView.swift */ = {isa = PBXFileReference; lastKnownFileType = sourcecode.swift; path = WhishlistView.swift; sourceTree = "<group>"; };
		BF438B452B282219007F55ED /* SearchAndFilterView.swift */ = {isa = PBXFileReference; lastKnownFileType = sourcecode.swift; path = SearchAndFilterView.swift; sourceTree = "<group>"; };
		BF438B472B283243007F55ED /* ListingDetailsView.swift */ = {isa = PBXFileReference; lastKnownFileType = sourcecode.swift; path = ListingDetailsView.swift; sourceTree = "<group>"; };
		BF438B4A2B2832C7007F55ED /* ListingImageCarouselView.swift */ = {isa = PBXFileReference; lastKnownFileType = sourcecode.swift; path = ListingImageCarouselView.swift; sourceTree = "<group>"; };
/* End PBXFileReference section */

/* Begin PBXFrameworksBuildPhase section */
		BF0815C62B2716C000C72330 /* Frameworks */ = {
			isa = PBXFrameworksBuildPhase;
			buildActionMask = 2147483647;
			files = (
			);
			runOnlyForDeploymentPostprocessing = 0;
		};
/* End PBXFrameworksBuildPhase section */

/* Begin PBXGroup section */
		BF0815C02B2716C000C72330 = {
			isa = PBXGroup;
			children = (
				BF0815CB2B2716C000C72330 /* AirbnbClone */,
				BF0815CA2B2716C000C72330 /* Products */,
			);
			sourceTree = "<group>";
		};
		BF0815CA2B2716C000C72330 /* Products */ = {
			isa = PBXGroup;
			children = (
				BF0815C92B2716C000C72330 /* AirbnbClone.app */,
			);
			name = Products;
			sourceTree = "<group>";
		};
		BF0815CB2B2716C000C72330 /* AirbnbClone */ = {
			isa = PBXGroup;
			children = (
				BF0815E12B2716F100C72330 /* App */,
				BF0815E02B2716EF00C72330 /* Core */,
				BF0815DF2B2716ED00C72330 /* Extentions */,
				BF0815DA2B2716D400C72330 /* Models */,
				BF0815CE2B2716C000C72330 /* ContentView.swift */,
				BF0815D02B2716C100C72330 /* Assets.xcassets */,
				BF0815D22B2716C100C72330 /* Preview Content */,
			);
			path = AirbnbClone;
			sourceTree = "<group>";
		};
		BF0815D22B2716C100C72330 /* Preview Content */ = {
			isa = PBXGroup;
			children = (
				BF0815D32B2716C100C72330 /* Preview Assets.xcassets */,
			);
			path = "Preview Content";
			sourceTree = "<group>";
		};
		BF0815DA2B2716D400C72330 /* Models */ = {
			isa = PBXGroup;
			children = (
				BF0815E22B27173500C72330 /* Utils */,
			);
			path = Models;
			sourceTree = "<group>";
		};
		BF0815DF2B2716ED00C72330 /* Extentions */ = {
			isa = PBXGroup;
			children = (
			);
			path = Extentions;
			sourceTree = "<group>";
		};
		BF0815E02B2716EF00C72330 /* Core */ = {
			isa = PBXGroup;
			children = (
				BF438B492B283299007F55ED /* components */,
				BF0815E32B27176700C72330 /* Explore */,
				BF0815E72B27179A00C72330 /* Listing */,
				BF0815E42B27176E00C72330 /* MapView */,
				BF0815E82B2717A200C72330 /* Profile */,
				BF0815E62B27178A00C72330 /* Whishlists */,
				BF0815E52B27177700C72330 /* TabBar */,
				BF0815E92B2717EA00C72330 /* Root */,
			);
			path = Core;
			sourceTree = "<group>";
		};
		BF0815E12B2716F100C72330 /* App */ = {
			isa = PBXGroup;
			children = (
				BF0815CC2B2716C000C72330 /* AirbnbCloneApp.swift */,
			);
			path = App;
			sourceTree = "<group>";
		};
		BF0815E22B27173500C72330 /* Utils */ = {
			isa = PBXGroup;
			children = (
			);
			path = Utils;
			sourceTree = "<group>";
		};
		BF0815E32B27176700C72330 /* Explore */ = {
			isa = PBXGroup;
			children = (
				BF0815EC2B2718EC00C72330 /* ExploreView.swift */,
				BF438B452B282219007F55ED /* SearchAndFilterView.swift */,
				BF136FBB2B2991F000C5F440 /* DestinationSearchView.swift */,
			);
			path = Explore;
			sourceTree = "<group>";
		};
		BF0815E42B27176E00C72330 /* MapView */ = {
			isa = PBXGroup;
			children = (
			);
			path = MapView;
			sourceTree = "<group>";
		};
		BF0815E52B27177700C72330 /* TabBar */ = {
			isa = PBXGroup;
			children = (
			);
			path = TabBar;
			sourceTree = "<group>";
		};
		BF0815E62B27178A00C72330 /* Whishlists */ = {
			isa = PBXGroup;
			children = (
				BF2DCED02B2AE75F00D82B68 /* WhishlistView.swift */,
			);
			path = Whishlists;
			sourceTree = "<group>";
		};
		BF0815E72B27179A00C72330 /* Listing */ = {
			isa = PBXGroup;
			children = (
				BF0815F02B271A6200C72330 /* ListingItemView.swift */,
				BF438B472B283243007F55ED /* ListingDetailsView.swift */,
			);
			path = Listing;
			sourceTree = "<group>";
		};
		BF0815E82B2717A200C72330 /* Profile */ = {
			isa = PBXGroup;
			children = (
				BF2DCECC2B2ACDA600D82B68 /* ProfileView.swift */,
				BF2DCECE2B2AD16100D82B68 /* ProfileOptionRawView.swift */,
			);
			path = Profile;
			sourceTree = "<group>";
		};
		BF0815E92B2717EA00C72330 /* Root */ = {
			isa = PBXGroup;
			children = (
			);
			path = Root;
			sourceTree = "<group>";
		};
		BF438B492B283299007F55ED /* components */ = {
			isa = PBXGroup;
			children = (
				BF438B4A2B2832C7007F55ED /* ListingImageCarouselView.swift */,
			);
			path = components;
			sourceTree = "<group>";
		};
/* End PBXGroup section */

/* Begin PBXNativeTarget section */
		BF0815C82B2716C000C72330 /* AirbnbClone */ = {
			isa = PBXNativeTarget;
			buildConfigurationList = BF0815D72B2716C100C72330 /* Build configuration list for PBXNativeTarget "AirbnbClone" */;
			buildPhases = (
				BF0815C52B2716C000C72330 /* Sources */,
				BF0815C62B2716C000C72330 /* Frameworks */,
				BF0815C72B2716C000C72330 /* Resources */,
			);
			buildRules = (
			);
			dependencies = (
			);
			name = AirbnbClone;
			productName = AirbnbClone;
			productReference = BF0815C92B2716C000C72330 /* AirbnbClone.app */;
			productType = "com.apple.product-type.application";
		};
/* End PBXNativeTarget section */

/* Begin PBXProject section */
		BF0815C12B2716C000C72330 /* Project object */ = {
			isa = PBXProject;
			attributes = {
				BuildIndependentTargetsInParallel = 1;
				LastSwiftUpdateCheck = 1500;
				LastUpgradeCheck = 1500;
				TargetAttributes = {
					BF0815C82B2716C000C72330 = {
						CreatedOnToolsVersion = 15.0.1;
					};
				};
			};
			buildConfigurationList = BF0815C42B2716C000C72330 /* Build configuration list for PBXProject "AirbnbClone" */;
			compatibilityVersion = "Xcode 14.0";
			developmentRegion = en;
			hasScannedForEncodings = 0;
			knownRegions = (
				en,
				Base,
			);
			mainGroup = BF0815C02B2716C000C72330;
			productRefGroup = BF0815CA2B2716C000C72330 /* Products */;
			projectDirPath = "";
			projectRoot = "";
			targets = (
				BF0815C82B2716C000C72330 /* AirbnbClone */,
			);
		};
/* End PBXProject section */

/* Begin PBXResourcesBuildPhase section */
		BF0815C72B2716C000C72330 /* Resources */ = {
			isa = PBXResourcesBuildPhase;
			buildActionMask = 2147483647;
			files = (
				BF0815D42B2716C100C72330 /* Preview Assets.xcassets in Resources */,
				BF0815D12B2716C100C72330 /* Assets.xcassets in Resources */,
			);
			runOnlyForDeploymentPostprocessing = 0;
		};
/* End PBXResourcesBuildPhase section */

/* Begin PBXSourcesBuildPhase section */
		BF0815C52B2716C000C72330 /* Sources */ = {
			isa = PBXSourcesBuildPhase;
			buildActionMask = 2147483647;
			files = (
				BF438B4B2B2832C7007F55ED /* ListingImageCarouselView.swift in Sources */,
				BF2DCECD2B2ACDA600D82B68 /* ProfileView.swift in Sources */,
				BF136FBC2B2991F000C5F440 /* DestinationSearchView.swift in Sources */,
				BF438B462B282219007F55ED /* SearchAndFilterView.swift in Sources */,
				BF0815F12B271A6200C72330 /* ListingItemView.swift in Sources */,
				BF438B482B283243007F55ED /* ListingDetailsView.swift in Sources */,
				BF2DCECF2B2AD16100D82B68 /* ProfileOptionRawView.swift in Sources */,
				BF0815CF2B2716C000C72330 /* ContentView.swift in Sources */,
				BF2DCED12B2AE75F00D82B68 /* WhishlistView.swift in Sources */,
				BF0815ED2B2718EC00C72330 /* ExploreView.swift in Sources */,
				BF0815CD2B2716C000C72330 /* AirbnbCloneApp.swift in Sources */,
			);
			runOnlyForDeploymentPostprocessing = 0;
		};
/* End PBXSourcesBuildPhase section */

/* Begin XCBuildConfiguration section */
		BF0815D52B2716C100C72330 /* Debug */ = {
			isa = XCBuildConfiguration;
			buildSettings = {
				ALWAYS_SEARCH_USER_PATHS = NO;
				ASSETCATALOG_COMPILER_GENERATE_SWIFT_ASSET_SYMBOL_EXTENSIONS = YES;
				CLANG_ANALYZER_NONNULL = YES;
				CLANG_ANALYZER_NUMBER_OBJECT_CONVERSION = YES_AGGRESSIVE;
				CLANG_CXX_LANGUAGE_STANDARD = "gnu++20";
				CLANG_ENABLE_MODULES = YES;
				CLANG_ENABLE_OBJC_ARC = YES;
				CLANG_ENABLE_OBJC_WEAK = YES;
				CLANG_WARN_BLOCK_CAPTURE_AUTORELEASING = YES;
				CLANG_WARN_BOOL_CONVERSION = YES;
				CLANG_WARN_COMMA = YES;
				CLANG_WARN_CONSTANT_CONVERSION = YES;
				CLANG_WARN_DEPRECATED_OBJC_IMPLEMENTATIONS = YES;
				CLANG_WARN_DIRECT_OBJC_ISA_USAGE = YES_ERROR;
				CLANG_WARN_DOCUMENTATION_COMMENTS = YES;
				CLANG_WARN_EMPTY_BODY = YES;
				CLANG_WARN_ENUM_CONVERSION = YES;
				CLANG_WARN_INFINITE_RECURSION = YES;
				CLANG_WARN_INT_CONVERSION = YES;
				CLANG_WARN_NON_LITERAL_NULL_CONVERSION = YES;
				CLANG_WARN_OBJC_IMPLICIT_RETAIN_SELF = YES;
				CLANG_WARN_OBJC_LITERAL_CONVERSION = YES;
				CLANG_WARN_OBJC_ROOT_CLASS = YES_ERROR;
				CLANG_WARN_QUOTED_INCLUDE_IN_FRAMEWORK_HEADER = YES;
				CLANG_WARN_RANGE_LOOP_ANALYSIS = YES;
				CLANG_WARN_STRICT_PROTOTYPES = YES;
				CLANG_WARN_SUSPICIOUS_MOVE = YES;
				CLANG_WARN_UNGUARDED_AVAILABILITY = YES_AGGRESSIVE;
				CLANG_WARN_UNREACHABLE_CODE = YES;
				CLANG_WARN__DUPLICATE_METHOD_MATCH = YES;
				COPY_PHASE_STRIP = NO;
				DEBUG_INFORMATION_FORMAT = dwarf;
				ENABLE_STRICT_OBJC_MSGSEND = YES;
				ENABLE_TESTABILITY = YES;
				ENABLE_USER_SCRIPT_SANDBOXING = YES;
				GCC_C_LANGUAGE_STANDARD = gnu17;
				GCC_DYNAMIC_NO_PIC = NO;
				GCC_NO_COMMON_BLOCKS = YES;
				GCC_OPTIMIZATION_LEVEL = 0;
				GCC_PREPROCESSOR_DEFINITIONS = (
					"DEBUG=1",
					"$(inherited)",
				);
				GCC_WARN_64_TO_32_BIT_CONVERSION = YES;
				GCC_WARN_ABOUT_RETURN_TYPE = YES_ERROR;
				GCC_WARN_UNDECLARED_SELECTOR = YES;
				GCC_WARN_UNINITIALIZED_AUTOS = YES_AGGRESSIVE;
				GCC_WARN_UNUSED_FUNCTION = YES;
				GCC_WARN_UNUSED_VARIABLE = YES;
				IPHONEOS_DEPLOYMENT_TARGET = 17.0;
				LOCALIZATION_PREFERS_STRING_CATALOGS = YES;
				MTL_ENABLE_DEBUG_INFO = INCLUDE_SOURCE;
				MTL_FAST_MATH = YES;
				ONLY_ACTIVE_ARCH = YES;
				SDKROOT = iphoneos;
				SWIFT_ACTIVE_COMPILATION_CONDITIONS = "DEBUG $(inherited)";
				SWIFT_OPTIMIZATION_LEVEL = "-Onone";
			};
			name = Debug;
		};
		BF0815D62B2716C100C72330 /* Release */ = {
			isa = XCBuildConfiguration;
			buildSettings = {
				ALWAYS_SEARCH_USER_PATHS = NO;
				ASSETCATALOG_COMPILER_GENERATE_SWIFT_ASSET_SYMBOL_EXTENSIONS = YES;
				CLANG_ANALYZER_NONNULL = YES;
				CLANG_ANALYZER_NUMBER_OBJECT_CONVERSION = YES_AGGRESSIVE;
				CLANG_CXX_LANGUAGE_STANDARD = "gnu++20";
				CLANG_ENABLE_MODULES = YES;
				CLANG_ENABLE_OBJC_ARC = YES;
				CLANG_ENABLE_OBJC_WEAK = YES;
				CLANG_WARN_BLOCK_CAPTURE_AUTORELEASING = YES;
				CLANG_WARN_BOOL_CONVERSION = YES;
				CLANG_WARN_COMMA = YES;
				CLANG_WARN_CONSTANT_CONVERSION = YES;
				CLANG_WARN_DEPRECATED_OBJC_IMPLEMENTATIONS = YES;
				CLANG_WARN_DIRECT_OBJC_ISA_USAGE = YES_ERROR;
				CLANG_WARN_DOCUMENTATION_COMMENTS = YES;
				CLANG_WARN_EMPTY_BODY = YES;
				CLANG_WARN_ENUM_CONVERSION = YES;
				CLANG_WARN_INFINITE_RECURSION = YES;
				CLANG_WARN_INT_CONVERSION = YES;
				CLANG_WARN_NON_LITERAL_NULL_CONVERSION = YES;
				CLANG_WARN_OBJC_IMPLICIT_RETAIN_SELF = YES;
				CLANG_WARN_OBJC_LITERAL_CONVERSION = YES;
				CLANG_WARN_OBJC_ROOT_CLASS = YES_ERROR;
				CLANG_WARN_QUOTED_INCLUDE_IN_FRAMEWORK_HEADER = YES;
				CLANG_WARN_RANGE_LOOP_ANALYSIS = YES;
				CLANG_WARN_STRICT_PROTOTYPES = YES;
				CLANG_WARN_SUSPICIOUS_MOVE = YES;
				CLANG_WARN_UNGUARDED_AVAILABILITY = YES_AGGRESSIVE;
				CLANG_WARN_UNREACHABLE_CODE = YES;
				CLANG_WARN__DUPLICATE_METHOD_MATCH = YES;
				COPY_PHASE_STRIP = NO;
				DEBUG_INFORMATION_FORMAT = "dwarf-with-dsym";
				ENABLE_NS_ASSERTIONS = NO;
				ENABLE_STRICT_OBJC_MSGSEND = YES;
				ENABLE_USER_SCRIPT_SANDBOXING = YES;
				GCC_C_LANGUAGE_STANDARD = gnu17;
				GCC_NO_COMMON_BLOCKS = YES;
				GCC_WARN_64_TO_32_BIT_CONVERSION = YES;
				GCC_WARN_ABOUT_RETURN_TYPE = YES_ERROR;
				GCC_WARN_UNDECLARED_SELECTOR = YES;
				GCC_WARN_UNINITIALIZED_AUTOS = YES_AGGRESSIVE;
				GCC_WARN_UNUSED_FUNCTION = YES;
				GCC_WARN_UNUSED_VARIABLE = YES;
				IPHONEOS_DEPLOYMENT_TARGET = 17.0;
				LOCALIZATION_PREFERS_STRING_CATALOGS = YES;
				MTL_ENABLE_DEBUG_INFO = NO;
				MTL_FAST_MATH = YES;
				SDKROOT = iphoneos;
				SWIFT_COMPILATION_MODE = wholemodule;
				VALIDATE_PRODUCT = YES;
			};
			name = Release;
		};
		BF0815D82B2716C100C72330 /* Debug */ = {
			isa = XCBuildConfiguration;
			buildSettings = {
				ASSETCATALOG_COMPILER_APPICON_NAME = AppIcon;
				ASSETCATALOG_COMPILER_GLOBAL_ACCENT_COLOR_NAME = AccentColor;
				CODE_SIGN_STYLE = Automatic;
				CURRENT_PROJECT_VERSION = 1;
				DEVELOPMENT_ASSET_PATHS = "\"AirbnbClone/Preview Content\"";
				DEVELOPMENT_TEAM = KPJ5MCVMCU;
				ENABLE_PREVIEWS = YES;
				GENERATE_INFOPLIST_FILE = YES;
				INFOPLIST_KEY_UIApplicationSceneManifest_Generation = YES;
				INFOPLIST_KEY_UIApplicationSupportsIndirectInputEvents = YES;
				INFOPLIST_KEY_UILaunchScreen_Generation = YES;
				INFOPLIST_KEY_UISupportedInterfaceOrientations_iPad = "UIInterfaceOrientationPortrait UIInterfaceOrientationPortraitUpsideDown UIInterfaceOrientationLandscapeLeft UIInterfaceOrientationLandscapeRight";
				INFOPLIST_KEY_UISupportedInterfaceOrientations_iPhone = "UIInterfaceOrientationPortrait UIInterfaceOrientationLandscapeLeft UIInterfaceOrientationLandscapeRight";
				LD_RUNPATH_SEARCH_PATHS = (
					"$(inherited)",
					"@executable_path/Frameworks",
				);
				MARKETING_VERSION = 1.0;
				PRODUCT_BUNDLE_IDENTIFIER = com.kasunhasangaapps.AirbnbClone;
				PRODUCT_NAME = "$(TARGET_NAME)";
				SWIFT_EMIT_LOC_STRINGS = YES;
				SWIFT_VERSION = 5.0;
				TARGETED_DEVICE_FAMILY = "1,2";
			};
			name = Debug;
		};
		BF0815D92B2716C100C72330 /* Release */ = {
			isa = XCBuildConfiguration;
			buildSettings = {
				ASSETCATALOG_COMPILER_APPICON_NAME = AppIcon;
				ASSETCATALOG_COMPILER_GLOBAL_ACCENT_COLOR_NAME = AccentColor;
				CODE_SIGN_STYLE = Automatic;
				CURRENT_PROJECT_VERSION = 1;
				DEVELOPMENT_ASSET_PATHS = "\"AirbnbClone/Preview Content\"";
				DEVELOPMENT_TEAM = KPJ5MCVMCU;
				ENABLE_PREVIEWS = YES;
				GENERATE_INFOPLIST_FILE = YES;
				INFOPLIST_KEY_UIApplicationSceneManifest_Generation = YES;
				INFOPLIST_KEY_UIApplicationSupportsIndirectInputEvents = YES;
				INFOPLIST_KEY_UILaunchScreen_Generation = YES;
				INFOPLIST_KEY_UISupportedInterfaceOrientations_iPad = "UIInterfaceOrientationPortrait UIInterfaceOrientationPortraitUpsideDown UIInterfaceOrientationLandscapeLeft UIInterfaceOrientationLandscapeRight";
				INFOPLIST_KEY_UISupportedInterfaceOrientations_iPhone = "UIInterfaceOrientationPortrait UIInterfaceOrientationLandscapeLeft UIInterfaceOrientationLandscapeRight";
				LD_RUNPATH_SEARCH_PATHS = (
					"$(inherited)",
					"@executable_path/Frameworks",
				);
				MARKETING_VERSION = 1.0;
				PRODUCT_BUNDLE_IDENTIFIER = com.kasunhasangaapps.AirbnbClone;
				PRODUCT_NAME = "$(TARGET_NAME)";
				SWIFT_EMIT_LOC_STRINGS = YES;
				SWIFT_VERSION = 5.0;
				TARGETED_DEVICE_FAMILY = "1,2";
			};
			name = Release;
		};
/* End XCBuildConfiguration section */

/* Begin XCConfigurationList section */
		BF0815C42B2716C000C72330 /* Build configuration list for PBXProject "AirbnbClone" */ = {
			isa = XCConfigurationList;
			buildConfigurations = (
				BF0815D52B2716C100C72330 /* Debug */,
				BF0815D62B2716C100C72330 /* Release */,
			);
			defaultConfigurationIsVisible = 0;
			defaultConfigurationName = Release;
		};
		BF0815D72B2716C100C72330 /* Build configuration list for PBXNativeTarget "AirbnbClone" */ = {
			isa = XCConfigurationList;
			buildConfigurations = (
				BF0815D82B2716C100C72330 /* Debug */,
				BF0815D92B2716C100C72330 /* Release */,
			);
			defaultConfigurationIsVisible = 0;
			defaultConfigurationName = Release;
		};
/* End XCConfigurationList section */
	};
	rootObject = BF0815C12B2716C000C72330 /* Project object */;
}
